
Microsoft Visual Studio Solution File, Format Version 12.00
# Visual Studio Version 16
VisualStudioVersion = 16.0.30907.101
MinimumVisualStudioVersion = 10.0.40219.1
Project("{F184B08F-C81C-45F6-A57F-5ABD9991F28F}") = "WindowsApp3", "WindowsApp3\WindowsApp3.vbproj", "{F01A6661-C4F3-41E0-964B-2FE60A4C74D4}"
EndProject
Global
	GlobalSection(SolutionConfigurationPlatforms) = preSolution
		Debug|Any CPU = Debug|Any CPU
		Release|Any CPU = Release|Any CPU
	EndGlobalSection
	GlobalSection(ProjectConfigurationPlatforms) = postSolution
		{F01A6661-C4F3-41E0-964B-2FE60A4C74D4}.Debug|Any CPU.ActiveCfg = Debug|Any CPU
		{F01A6661-C4F3-41E0-964B-2FE60A4C74D4}.Debug|Any CPU.Build.0 = Debug|Any CPU
		{F01A6661-C4F3-41E0-964B-2FE60A4C74D4}.Release|Any CPU.ActiveCfg = Release|Any CPU
		{F01A6661-C4F3-41E0-964B-2FE60A4C74D4}.Release|Any CPU.Build.0 = Release|Any CPU
	EndGlobalSection
	GlobalSection(SolutionProperties) = preSolution
		HideSolutionNode = FALSE
	EndGlobalSection
	GlobalSection(ExtensibilityGlobals) = postSolution
		SolutionGuid = {8BAFFE35-511D-44E6-A414-FE1E9A34F741}
	EndGlobalSection
EndGlobal
